{
  "nodes": {
    "nixpkgs": {
      "locked": {
        "lastModified": 1775423009,
        "narHash": "sha256-vPKLpjhIVWdDrfiUM8atW6YkIggCEKdSAlJPzzhkQlw=",
        "owner": "nixos",
        "repo": "nixpkgs",
        "rev": "68d8aa3d661f0e6bd5862291b5bb263b2a6595c9",
        "type": "github"
      },
      "original": {
        "owner": "nixos",
        "ref": "nixos-unstable",
        "repo": "nixpkgs",
        "type": "github"
      }
    },
    "nixpkgs_2": {
      "locked": {
        "lastModified": 1773909469,
        "narHash": "sha256-vglVrLfHjFIzIdV9A27Ugul6rh3I1qHbbitGW7dk420=",
        "owner": "NixOS",
        "repo": "nixpkgs",
        "rev": "7149c06513f335be57f26fcbbbe34afda923882b",
        "type": "github"
      },
      "original": {
        "owner": "NixOS",
        "ref": "nixpkgs-unstable",
        "repo": "nixpkgs",
        "type": "github"
      }
    },
    "opencode": {
      "inputs": {
        "nixpkgs": "nixpkgs_2"
      },
      "locked": {
        "lastModified": 1775723386,
        "narHash": "sha256-ZBdUUKAx51c5d4t6ZRkksH1b0Utgnr61dXiFbAfEEBQ=",
        "owner": "anomalyco",
        "repo": "opencode",
        "rev": "46f243fea71c65464471fcf1f5a807dd860c0f8f",
        "type": "github"
      },
      "original": {
        "owner": "anomalyco",
        "repo": "opencode",
        "type": "github"
      }
    },
    "root": {
      "inputs": {
        "nixpkgs": "nixpkgs",
        "opencode": "opencode"
      }
    }
  },
  "root": "root",
  "version": 7
}
